
Microsoft Visual Studio Solution File, Format Version 12.00
# Visual Studio 15
VisualStudioVersion = 15.0.28010.2003
MinimumVisualStudioVersion = 10.0.40219.1
Project("{FAE04EC0-301F-11D3-BF4B-00C04F79EFBC}") = "MongoDBApi", "MongoDBApi\MongoDBApi.csproj", "{03ACEB6D-919E-4A12-98E6-49DCFDF838A1}"
EndProject
Global
	GlobalSection(SolutionConfigurationPlatforms) = preSolution
		Debug|Any CPU = Debug|Any CPU
		Release|Any CPU = Release|Any CPU
	EndGlobalSection
	GlobalSection(ProjectConfigurationPlatforms) = postSolution
		{03ACEB6D-919E-4A12-98E6-49DCFDF838A1}.Debug|Any CPU.ActiveCfg = Debug|Any CPU
		{03ACEB6D-919E-4A12-98E6-49DCFDF838A1}.Debug|Any CPU.Build.0 = Debug|Any CPU
		{03ACEB6D-919E-4A12-98E6-49DCFDF838A1}.Release|Any CPU.ActiveCfg = Release|Any CPU
		{03ACEB6D-919E-4A12-98E6-49DCFDF838A1}.Release|Any CPU.Build.0 = Release|Any CPU
	EndGlobalSection
	GlobalSection(SolutionProperties) = preSolution
		HideSolutionNode = FALSE
	EndGlobalSection
	GlobalSection(ExtensibilityGlobals) = postSolution
		SolutionGuid = {8F16950B-D221-4132-B5DC-59F1049FCBB7}
	EndGlobalSection
EndGlobal
